<Solution>
  <Folder Name="/src/" />
  <Folder Name="/src/AuthService/">
    <Project Path="src/AuthService/IdentityHub.AuthService.Api/IdentityHub.AuthService.Api.csproj" />
    <Project Path="src/AuthService/IdentityHub.AuthService.Application/IdentityHub.AuthService.Application.csproj" />
    <Project Path="src/AuthService/IdentityHub.AuthService.Domain/IdentityHub.AuthService.Domain.csproj" />
    <Project Path="src/AuthService/IdentityHub.AuthService.Infrastructure/IdentityHub.AuthService.Infrastructure.csproj" />
    <Project Path="src/AuthService/IdentityHub.AuthService.Tests/IdentityHub.AuthService.Tests.csproj" />
  </Folder>
  <Folder Name="/src/UserService/">
    <Project Path="src/UserService/IdentityHub.UserService.Api/IdentityHub.UserService.Api.csproj" />
    <Project Path="src/UserService/IdentityHub.UserService.Application/IdentityHub.UserService.Application.csproj" />
    <Project Path="src/UserService/IdentityHub.UserService.Domain/IdentityHub.UserService.Domain.csproj" />
    <Project Path="src/UserService/IdentityHub.UserService.Infrastructure/IdentityHub.UserService.Infrastructure.csproj" />
    <Project Path="src/UserService/IdentityHub.UserService.Tests/IdentityHub.UserService.Tests.csproj" />
  </Folder>
  <Folder Name="/src/RoleService/">
    <Project Path="src/RoleService/IdentityHub.RoleService.Api/IdentityHub.RoleService.Api.csproj" />
    <Project Path="src/RoleService/IdentityHub.RoleService.Application/IdentityHub.RoleService.Application.csproj" />
    <Project Path="src/RoleService/IdentityHub.RoleService.Domain/IdentityHub.RoleService.Domain.csproj" />
    <Project Path="src/RoleService/IdentityHub.RoleService.Infrastructure/IdentityHub.RoleService.Infrastructure.csproj" />
    <Project Path="src/RoleService/IdentityHub.RoleService.Tests/IdentityHub.RoleService.Tests.csproj" />
  </Folder>
  <Folder Name="/src/AuditService/">
    <Project Path="src/AuditService/IdentityHub.AuditService.Api/IdentityHub.AuditService.Api.csproj" />
    <Project Path="src/AuditService/IdentityHub.AuditService.Application/IdentityHub.AuditService.Application.csproj" />
    <Project Path="src/AuditService/IdentityHub.AuditService.Domain/IdentityHub.AuditService.Domain.csproj" />
    <Project Path="src/AuditService/IdentityHub.AuditService.Infrastructure/IdentityHub.AuditService.Infrastructure.csproj" />
    <Project Path="src/AuditService/IdentityHub.AuditService.Tests/IdentityHub.AuditService.Tests.csproj" />
  </Folder>
</Solution>
